
Microsoft Visual Studio Solution File, Format Version 12.00
# Visual Studio Version 16
VisualStudioVersion = 16.0.30406.217
MinimumVisualStudioVersion = 10.0.40219.1
Project("{FAE04EC0-301F-11D3-BF4B-00C04F79EFBC}") = "Simple Folder Lock", "Simple Folder Lock.csproj", "{9784E3A0-1413-4665-8824-045EE233047C}"
EndProject
Project("{54435603-DBB4-11D2-8724-00A0C9A8B90C}") = "Simple Folder Lock Setup", "Simple Folder Lock Setup\Simple Folder Lock Setup.vdproj", "{424E4E8D-EC99-4333-AD32-F4C2EC5E3728}"
EndProject
Global
	GlobalSection(SolutionConfigurationPlatforms) = preSolution
		Debug|Any CPU = Debug|Any CPU
		Release|Any CPU = Release|Any CPU
	EndGlobalSection
	GlobalSection(ProjectConfigurationPlatforms) = postSolution
		{9784E3A0-1413-4665-8824-045EE233047C}.Debug|Any CPU.ActiveCfg = Debug|Any CPU
		{9784E3A0-1413-4665-8824-045EE233047C}.Debug|Any CPU.Build.0 = Debug|Any CPU
		{9784E3A0-1413-4665-8824-045EE233047C}.Release|Any CPU.ActiveCfg = Release|Any CPU
		{9784E3A0-1413-4665-8824-045EE233047C}.Release|Any CPU.Build.0 = Release|Any CPU
		{424E4E8D-EC99-4333-AD32-F4C2EC5E3728}.Debug|Any CPU.ActiveCfg = Debug
		{424E4E8D-EC99-4333-AD32-F4C2EC5E3728}.Release|Any CPU.ActiveCfg = Release
	EndGlobalSection
	GlobalSection(SolutionProperties) = preSolution
		HideSolutionNode = FALSE
	EndGlobalSection
	GlobalSection(ExtensibilityGlobals) = postSolution
		SolutionGuid = {871EF131-CC15-4C87-9B31-3B285EE3797B}
	EndGlobalSection
EndGlobal
